# This file was autogenerated by Stack.
# You should not edit this file by hand.
# For more information, please see the documentation at:
#   https://docs.haskellstack.org/en/stable/lock_files

packages:
- completed:
    name: elm-syntax
    pantry-tree:
      sha256: 1ef29e349c66c9b6211cb6a7f712d5285766a99804adf26fec4918cf8bfd2fa3
      size: 1067
    sha256: c286a6d0fc092eb34a807a419539898fe8828c087a17880bef68a1f91df46cb6
    size: 15192
    url: https://github.com/folq/elm-syntax/archive/2bc46c09139b9d890721cc33a961ab96c9b46684.tar.gz
    version: 0.3.3.0
  original:
    url: https://github.com/folq/elm-syntax/archive/2bc46c09139b9d890721cc33a961ab96c9b46684.tar.gz
snapshots:
- completed:
    sha256: 42f77c84b34f68c30c2cd0bf8c349f617a0f428264362426290847a6a2019b64
    size: 649618
    url: https://raw.githubusercontent.com/commercialhaskell/stackage-snapshots/master/lts/20/19.yaml
  original: lts-20.19
